
Microsoft Visual Studio Solution File, Format Version 12.00
# Visual Studio Version 17
VisualStudioVersion = 17.8.34322.80
MinimumVisualStudioVersion = 10.0.40219.1
Project("{9A19103F-16F7-4668-BE54-9A1E7A4F7556}") = "WatchDogs.Application", "WatchDogs.Application.csproj", "{8B431EED-373A-4A62-B57C-D3232211B4BF}"
EndProject
Project("{9A19103F-16F7-4668-BE54-9A1E7A4F7556}") = "WatchDogs.Contracts", "..\WatchDogs.Contracts\WatchDogs.Contracts.csproj", "{6DD53234-BBF0-4FBA-9F47-FBB7867235A5}"
EndProject
Project("{9A19103F-16F7-4668-BE54-9A1E7A4F7556}") = "WatchDogs.Infrastructure.DxTrade", "..\WatchDogs.Infrastructure.DxTrade\WatchDogs.Infrastructure.DxTrade.csproj", "{3ECF587F-4F2D-4442-A90B-71807F6D857F}"
EndProject
Project("{9A19103F-16F7-4668-BE54-9A1E7A4F7556}") = "WatchDogs.Domain", "..\WatchDogs.Domain\WatchDogs.Domain.csproj", "{75947CED-16D8-4721-B18A-2B9EC2EC1954}"
EndProject
Project("{9A19103F-16F7-4668-BE54-9A1E7A4F7556}") = "WatchDogs.Test", "..\WatchDogs.Test\WatchDogs.Test.csproj", "{8D798AF3-DD8E-487E-8C18-234E647D3C41}"
EndProject
Project("{9A19103F-16F7-4668-BE54-9A1E7A4F7556}") = "WatchDogs.Persistence.EntityFramework", "..\WatchDogs.Persistence.EntityFramework\WatchDogs.Persistence.EntityFramework.csproj", "{58724528-2736-4E6D-A095-6F06308B59C8}"
EndProject
Project("{FAE04EC0-301F-11D3-BF4B-00C04F79EFBC}") = "WatchDogs.Infrastructure.FakeSource", "..\WatchDogs.FakeSource\WatchDogs.Infrastructure.FakeSource.csproj", "{3778FD0B-0B4C-4148-B5DB-5E011A5DD18E}"
EndProject
Global
	GlobalSection(SolutionConfigurationPlatforms) = preSolution
		Debug|Any CPU = Debug|Any CPU
		Release|Any CPU = Release|Any CPU
	EndGlobalSection
	GlobalSection(ProjectConfigurationPlatforms) = postSolution
		{8B431EED-373A-4A62-B57C-D3232211B4BF}.Debug|Any CPU.ActiveCfg = Debug|Any CPU
		{8B431EED-373A-4A62-B57C-D3232211B4BF}.Debug|Any CPU.Build.0 = Debug|Any CPU
		{8B431EED-373A-4A62-B57C-D3232211B4BF}.Release|Any CPU.ActiveCfg = Release|Any CPU
		{8B431EED-373A-4A62-B57C-D3232211B4BF}.Release|Any CPU.Build.0 = Release|Any CPU
		{6DD53234-BBF0-4FBA-9F47-FBB7867235A5}.Debug|Any CPU.ActiveCfg = Debug|Any CPU
		{6DD53234-BBF0-4FBA-9F47-FBB7867235A5}.Debug|Any CPU.Build.0 = Debug|Any CPU
		{6DD53234-BBF0-4FBA-9F47-FBB7867235A5}.Release|Any CPU.ActiveCfg = Release|Any CPU
		{6DD53234-BBF0-4FBA-9F47-FBB7867235A5}.Release|Any CPU.Build.0 = Release|Any CPU
		{3ECF587F-4F2D-4442-A90B-71807F6D857F}.Debug|Any CPU.ActiveCfg = Debug|Any CPU
		{3ECF587F-4F2D-4442-A90B-71807F6D857F}.Debug|Any CPU.Build.0 = Debug|Any CPU
		{3ECF587F-4F2D-4442-A90B-71807F6D857F}.Release|Any CPU.ActiveCfg = Release|Any CPU
		{3ECF587F-4F2D-4442-A90B-71807F6D857F}.Release|Any CPU.Build.0 = Release|Any CPU
		{75947CED-16D8-4721-B18A-2B9EC2EC1954}.Debug|Any CPU.ActiveCfg = Debug|Any CPU
		{75947CED-16D8-4721-B18A-2B9EC2EC1954}.Debug|Any CPU.Build.0 = Debug|Any CPU
		{75947CED-16D8-4721-B18A-2B9EC2EC1954}.Release|Any CPU.ActiveCfg = Release|Any CPU
		{75947CED-16D8-4721-B18A-2B9EC2EC1954}.Release|Any CPU.Build.0 = Release|Any CPU
		{8D798AF3-DD8E-487E-8C18-234E647D3C41}.Debug|Any CPU.ActiveCfg = Debug|Any CPU
		{8D798AF3-DD8E-487E-8C18-234E647D3C41}.Debug|Any CPU.Build.0 = Debug|Any CPU
		{8D798AF3-DD8E-487E-8C18-234E647D3C41}.Release|Any CPU.ActiveCfg = Release|Any CPU
		{8D798AF3-DD8E-487E-8C18-234E647D3C41}.Release|Any CPU.Build.0 = Release|Any CPU
		{58724528-2736-4E6D-A095-6F06308B59C8}.Debug|Any CPU.ActiveCfg = Debug|Any CPU
		{58724528-2736-4E6D-A095-6F06308B59C8}.Debug|Any CPU.Build.0 = Debug|Any CPU
		{58724528-2736-4E6D-A095-6F06308B59C8}.Release|Any CPU.ActiveCfg = Release|Any CPU
		{58724528-2736-4E6D-A095-6F06308B59C8}.Release|Any CPU.Build.0 = Release|Any CPU
		{3778FD0B-0B4C-4148-B5DB-5E011A5DD18E}.Debug|Any CPU.ActiveCfg = Debug|Any CPU
		{3778FD0B-0B4C-4148-B5DB-5E011A5DD18E}.Debug|Any CPU.Build.0 = Debug|Any CPU
		{3778FD0B-0B4C-4148-B5DB-5E011A5DD18E}.Release|Any CPU.ActiveCfg = Release|Any CPU
		{3778FD0B-0B4C-4148-B5DB-5E011A5DD18E}.Release|Any CPU.Build.0 = Release|Any CPU
	EndGlobalSection
	GlobalSection(SolutionProperties) = preSolution
		HideSolutionNode = FALSE
	EndGlobalSection
	GlobalSection(ExtensibilityGlobals) = postSolution
		SolutionGuid = {D84F2598-4D63-46E9-97CD-5F4CAF1A5FB2}
	EndGlobalSection
EndGlobal
